
Microsoft Visual Studio Solution File, Format Version 12.00
# Visual Studio Version 16
VisualStudioVersion = 16.0.30128.74
MinimumVisualStudioVersion = 10.0.40219.1
Project("{FAE04EC0-301F-11D3-BF4B-00C04F79EFBC}") = "RMotownFestival.Api", "src\RMotownFestival.Api\RMotownFestival.Api.csproj", "{31D1A820-14BF-44A9-8271-A77BF244B08E}"
EndProject
Global
	GlobalSection(SolutionConfigurationPlatforms) = preSolution
		Debug|Any CPU = Debug|Any CPU
		Release|Any CPU = Release|Any CPU
	EndGlobalSection
	GlobalSection(ProjectConfigurationPlatforms) = postSolution
		{31D1A820-14BF-44A9-8271-A77BF244B08E}.Debug|Any CPU.ActiveCfg = Debug|Any CPU
		{31D1A820-14BF-44A9-8271-A77BF244B08E}.Debug|Any CPU.Build.0 = Debug|Any CPU
		{31D1A820-14BF-44A9-8271-A77BF244B08E}.Release|Any CPU.ActiveCfg = Release|Any CPU
		{31D1A820-14BF-44A9-8271-A77BF244B08E}.Release|Any CPU.Build.0 = Release|Any CPU
	EndGlobalSection
	GlobalSection(SolutionProperties) = preSolution
		HideSolutionNode = FALSE
	EndGlobalSection
	GlobalSection(ExtensibilityGlobals) = postSolution
		SolutionGuid = {51C02259-F493-4B10-AA67-85104C00269C}
	EndGlobalSection
EndGlobal
